
Microsoft Visual Studio Solution File, Format Version 12.00
# Visual Studio Version 16
VisualStudioVersion = 16.0.29424.173
MinimumVisualStudioVersion = 10.0.40219.1
Project("{FAE04EC0-301F-11D3-BF4B-00C04F79EFBC}") = "CalculatePremiumApp", "CalculatePremiumApp.csproj", "{C1C82C0A-B7F3-498D-B673-91D2C1F46A8E}"
EndProject
Global
	GlobalSection(SolutionConfigurationPlatforms) = preSolution
		Debug|Any CPU = Debug|Any CPU
		Release|Any CPU = Release|Any CPU
	EndGlobalSection
	GlobalSection(ProjectConfigurationPlatforms) = postSolution
		{C1C82C0A-B7F3-498D-B673-91D2C1F46A8E}.Debug|Any CPU.ActiveCfg = Debug|Any CPU
		{C1C82C0A-B7F3-498D-B673-91D2C1F46A8E}.Debug|Any CPU.Build.0 = Debug|Any CPU
		{C1C82C0A-B7F3-498D-B673-91D2C1F46A8E}.Release|Any CPU.ActiveCfg = Release|Any CPU
		{C1C82C0A-B7F3-498D-B673-91D2C1F46A8E}.Release|Any CPU.Build.0 = Release|Any CPU
	EndGlobalSection
	GlobalSection(SolutionProperties) = preSolution
		HideSolutionNode = FALSE
	EndGlobalSection
	GlobalSection(ExtensibilityGlobals) = postSolution
		SolutionGuid = {8D89E25D-B1DA-4D44-887D-7DB23BE3E2CD}
	EndGlobalSection
EndGlobal
